
Microsoft Visual Studio Solution File, Format Version 12.00
# Visual Studio Version 17
VisualStudioVersion = 17.8.34212.112
MinimumVisualStudioVersion = 10.0.40219.1
Project("{9A19103F-16F7-4668-BE54-9A1E7A4F7556}") = "DotNetConfCalendar", "DotNetConfCalendar\DotNetConfCalendar.csproj", "{494D2BC6-678B-437F-9FD1-1CF2614D8119}"
EndProject
Project("{2150E333-8FDC-42A3-9474-1A3956D46DE8}") = "README", "README", "{2EE684EA-A52F-40F7-8143-DE963DB7A488}"
	ProjectSection(SolutionItems) = preProject
		LICENSE = LICENSE
		README.md = README.md
	EndProjectSection
EndProject
Project("{FAE04EC0-301F-11D3-BF4B-00C04F79EFBC}") = "DotNetConfCalendar.Test", "DotNetConfCalendar.Test\DotNetConfCalendar.Test.csproj", "{5BD3FF8C-F8CF-467A-B03A-EFAC65A129BE}"
EndProject
Global
	GlobalSection(SolutionConfigurationPlatforms) = preSolution
		Debug|Any CPU = Debug|Any CPU
		Release|Any CPU = Release|Any CPU
	EndGlobalSection
	GlobalSection(ProjectConfigurationPlatforms) = postSolution
		{494D2BC6-678B-437F-9FD1-1CF2614D8119}.Debug|Any CPU.ActiveCfg = Debug|Any CPU
		{494D2BC6-678B-437F-9FD1-1CF2614D8119}.Debug|Any CPU.Build.0 = Debug|Any CPU
		{494D2BC6-678B-437F-9FD1-1CF2614D8119}.Release|Any CPU.ActiveCfg = Release|Any CPU
		{494D2BC6-678B-437F-9FD1-1CF2614D8119}.Release|Any CPU.Build.0 = Release|Any CPU
		{5BD3FF8C-F8CF-467A-B03A-EFAC65A129BE}.Debug|Any CPU.ActiveCfg = Debug|Any CPU
		{5BD3FF8C-F8CF-467A-B03A-EFAC65A129BE}.Debug|Any CPU.Build.0 = Debug|Any CPU
		{5BD3FF8C-F8CF-467A-B03A-EFAC65A129BE}.Release|Any CPU.ActiveCfg = Release|Any CPU
		{5BD3FF8C-F8CF-467A-B03A-EFAC65A129BE}.Release|Any CPU.Build.0 = Release|Any CPU
	EndGlobalSection
	GlobalSection(SolutionProperties) = preSolution
		HideSolutionNode = FALSE
	EndGlobalSection
	GlobalSection(ExtensibilityGlobals) = postSolution
		SolutionGuid = {247AB018-FBE6-46BC-9841-E521DDF40553}
	EndGlobalSection
EndGlobal
